
Microsoft Visual Studio Solution File, Format Version 12.00
# Visual Studio Version 16
VisualStudioVersion = 16.0.29709.97
MinimumVisualStudioVersion = 10.0.40219.1
Project("{8BC9CEB8-8B4A-11D0-8D11-00A0C91BC942}") = "EchoEngine", "EchoEngine.vcxproj", "{24C743C8-E738-4B51-BA7D-60C0902F5AC5}"
EndProject
Project("{8BC9CEB8-8B4A-11D0-8D11-00A0C91BC942}") = "EchoLevelEditor", "..\EchoLevelEditor\EchoLevelEditor.vcxproj", "{0BE98E98-5BFD-43A8-A629-6B78773DE967}"
EndProject
Project("{8BC9CEB8-8B4A-11D0-8D11-00A0C91BC942}") = "Game", "..\Game\Game.vcxproj", "{5AEBC738-9936-4141-8F73-F977F46D83D9}"
	ProjectSection(ProjectDependencies) = postProject
		{24C743C8-E738-4B51-BA7D-60C0902F5AC5} = {24C743C8-E738-4B51-BA7D-60C0902F5AC5}
	EndProjectSection
EndProject
Project("{8BC9CEB8-8B4A-11D0-8D11-00A0C91BC942}") = "Pong", "..\Pong\Pong.vcxproj", "{0AEA8EF2-567A-4FEF-B788-0F149547C98E}"
EndProject
Global
	GlobalSection(SolutionConfigurationPlatforms) = preSolution
		Debug|x64 = Debug|x64
		Debug|x86 = Debug|x86
		Release|x64 = Release|x64
		Release|x86 = Release|x86
	EndGlobalSection
	GlobalSection(ProjectConfigurationPlatforms) = postSolution
		{24C743C8-E738-4B51-BA7D-60C0902F5AC5}.Debug|x64.ActiveCfg = Debug|x64
		{24C743C8-E738-4B51-BA7D-60C0902F5AC5}.Debug|x64.Build.0 = Debug|x64
		{24C743C8-E738-4B51-BA7D-60C0902F5AC5}.Debug|x86.ActiveCfg = Debug|Win32
		{24C743C8-E738-4B51-BA7D-60C0902F5AC5}.Debug|x86.Build.0 = Debug|Win32
		{24C743C8-E738-4B51-BA7D-60C0902F5AC5}.Release|x64.ActiveCfg = Release|x64
		{24C743C8-E738-4B51-BA7D-60C0902F5AC5}.Release|x64.Build.0 = Release|x64
		{24C743C8-E738-4B51-BA7D-60C0902F5AC5}.Release|x86.ActiveCfg = Release|Win32
		{24C743C8-E738-4B51-BA7D-60C0902F5AC5}.Release|x86.Build.0 = Release|Win32
		{0BE98E98-5BFD-43A8-A629-6B78773DE967}.Debug|x64.ActiveCfg = Debug|x64
		{0BE98E98-5BFD-43A8-A629-6B78773DE967}.Debug|x64.Build.0 = Debug|x64
		{0BE98E98-5BFD-43A8-A629-6B78773DE967}.Debug|x86.ActiveCfg = Debug|Win32
		{0BE98E98-5BFD-43A8-A629-6B78773DE967}.Debug|x86.Build.0 = Debug|Win32
		{0BE98E98-5BFD-43A8-A629-6B78773DE967}.Release|x64.ActiveCfg = Release|x64
		{0BE98E98-5BFD-43A8-A629-6B78773DE967}.Release|x64.Build.0 = Release|x64
		{0BE98E98-5BFD-43A8-A629-6B78773DE967}.Release|x86.ActiveCfg = Release|Win32
		{0BE98E98-5BFD-43A8-A629-6B78773DE967}.Release|x86.Build.0 = Release|Win32
		{5AEBC738-9936-4141-8F73-F977F46D83D9}.Debug|x64.ActiveCfg = Debug|x64
		{5AEBC738-9936-4141-8F73-F977F46D83D9}.Debug|x64.Build.0 = Debug|x64
		{5AEBC738-9936-4141-8F73-F977F46D83D9}.Debug|x86.ActiveCfg = Debug|Win32
		{5AEBC738-9936-4141-8F73-F977F46D83D9}.Debug|x86.Build.0 = Debug|Win32
		{5AEBC738-9936-4141-8F73-F977F46D83D9}.Release|x64.ActiveCfg = Release|x64
		{5AEBC738-9936-4141-8F73-F977F46D83D9}.Release|x64.Build.0 = Release|x64
		{5AEBC738-9936-4141-8F73-F977F46D83D9}.Release|x86.ActiveCfg = Release|Win32
		{5AEBC738-9936-4141-8F73-F977F46D83D9}.Release|x86.Build.0 = Release|Win32
		{0AEA8EF2-567A-4FEF-B788-0F149547C98E}.Debug|x64.ActiveCfg = Debug|x64
		{0AEA8EF2-567A-4FEF-B788-0F149547C98E}.Debug|x64.Build.0 = Debug|x64
		{0AEA8EF2-567A-4FEF-B788-0F149547C98E}.Debug|x86.ActiveCfg = Debug|Win32
		{0AEA8EF2-567A-4FEF-B788-0F149547C98E}.Debug|x86.Build.0 = Debug|Win32
		{0AEA8EF2-567A-4FEF-B788-0F149547C98E}.Release|x64.ActiveCfg = Release|x64
		{0AEA8EF2-567A-4FEF-B788-0F149547C98E}.Release|x64.Build.0 = Release|x64
		{0AEA8EF2-567A-4FEF-B788-0F149547C98E}.Release|x86.ActiveCfg = Release|Win32
		{0AEA8EF2-567A-4FEF-B788-0F149547C98E}.Release|x86.Build.0 = Release|Win32
	EndGlobalSection
	GlobalSection(SolutionProperties) = preSolution
		HideSolutionNode = FALSE
	EndGlobalSection
	GlobalSection(ExtensibilityGlobals) = postSolution
		SolutionGuid = {A3FE5F5A-F9F7-4B18-ACF6-0483CD72676A}
	EndGlobalSection
EndGlobal
